
Microsoft Visual Studio Solution File, Format Version 12.00
# Visual Studio Version 17
VisualStudioVersion = 17.4.33213.308
MinimumVisualStudioVersion = 10.0.40219.1
Project("{FAE04EC0-301F-11D3-BF4B-00C04F79EFBC}") = "Home_task_10", "Home_task_10\Home_task_10.csproj", "{20874BE2-C5EA-4359-9DEA-61C2F080107F}"
EndProject
Global
	GlobalSection(SolutionConfigurationPlatforms) = preSolution
		Debug|Any CPU = Debug|Any CPU
		Release|Any CPU = Release|Any CPU
	EndGlobalSection
	GlobalSection(ProjectConfigurationPlatforms) = postSolution
		{20874BE2-C5EA-4359-9DEA-61C2F080107F}.Debug|Any CPU.ActiveCfg = Debug|Any CPU
		{20874BE2-C5EA-4359-9DEA-61C2F080107F}.Debug|Any CPU.Build.0 = Debug|Any CPU
		{20874BE2-C5EA-4359-9DEA-61C2F080107F}.Release|Any CPU.ActiveCfg = Release|Any CPU
		{20874BE2-C5EA-4359-9DEA-61C2F080107F}.Release|Any CPU.Build.0 = Release|Any CPU
	EndGlobalSection
	GlobalSection(SolutionProperties) = preSolution
		HideSolutionNode = FALSE
	EndGlobalSection
	GlobalSection(ExtensibilityGlobals) = postSolution
		SolutionGuid = {0FA4412B-F04B-48DB-9E3C-8176962DB315}
	EndGlobalSection
EndGlobal
