
Microsoft Visual Studio Solution File, Format Version 12.00
# Visual Studio Version 17
VisualStudioVersion = 17.4.33213.308
MinimumVisualStudioVersion = 10.0.40219.1
Project("{FAE04EC0-301F-11D3-BF4B-00C04F79EFBC}") = "Exercise____3", "Exercise____3\Exercise____3.csproj", "{9391AEA6-77A8-463F-A490-53584735540C}"
EndProject
Global
	GlobalSection(SolutionConfigurationPlatforms) = preSolution
		Debug|Any CPU = Debug|Any CPU
		Release|Any CPU = Release|Any CPU
	EndGlobalSection
	GlobalSection(ProjectConfigurationPlatforms) = postSolution
		{9391AEA6-77A8-463F-A490-53584735540C}.Debug|Any CPU.ActiveCfg = Debug|Any CPU
		{9391AEA6-77A8-463F-A490-53584735540C}.Debug|Any CPU.Build.0 = Debug|Any CPU
		{9391AEA6-77A8-463F-A490-53584735540C}.Release|Any CPU.ActiveCfg = Release|Any CPU
		{9391AEA6-77A8-463F-A490-53584735540C}.Release|Any CPU.Build.0 = Release|Any CPU
	EndGlobalSection
	GlobalSection(SolutionProperties) = preSolution
		HideSolutionNode = FALSE
	EndGlobalSection
	GlobalSection(ExtensibilityGlobals) = postSolution
		SolutionGuid = {3B16358F-C6D4-42CA-A55F-2090DE6D24DE}
	EndGlobalSection
EndGlobal
