
Microsoft Visual Studio Solution File, Format Version 12.00
# Visual Studio Version 17
VisualStudioVersion = 17.4.33213.308
MinimumVisualStudioVersion = 10.0.40219.1
Project("{FAE04EC0-301F-11D3-BF4B-00C04F79EFBC}") = "Exercise__2", "Exercise__2\Exercise__2.csproj", "{C4E7BEB3-A943-4B44-9EFA-0F61841F139D}"
EndProject
Global
	GlobalSection(SolutionConfigurationPlatforms) = preSolution
		Debug|Any CPU = Debug|Any CPU
		Release|Any CPU = Release|Any CPU
	EndGlobalSection
	GlobalSection(ProjectConfigurationPlatforms) = postSolution
		{C4E7BEB3-A943-4B44-9EFA-0F61841F139D}.Debug|Any CPU.ActiveCfg = Debug|Any CPU
		{C4E7BEB3-A943-4B44-9EFA-0F61841F139D}.Debug|Any CPU.Build.0 = Debug|Any CPU
		{C4E7BEB3-A943-4B44-9EFA-0F61841F139D}.Release|Any CPU.ActiveCfg = Release|Any CPU
		{C4E7BEB3-A943-4B44-9EFA-0F61841F139D}.Release|Any CPU.Build.0 = Release|Any CPU
	EndGlobalSection
	GlobalSection(SolutionProperties) = preSolution
		HideSolutionNode = FALSE
	EndGlobalSection
	GlobalSection(ExtensibilityGlobals) = postSolution
		SolutionGuid = {0154D6E1-BD79-4746-B010-EB97B464A4A1}
	EndGlobalSection
EndGlobal
